# THIS IS AN AUTOGENERATED FILE. DO NOT EDIT THIS FILE DIRECTLY.
# yarn lockfile v1


"@maxmind/geoip2-node@1.0.0":
  version "1.0.0"
  resolved "https://registry.yarnpkg.com/@maxmind/geoip2-node/-/geoip2-node-1.0.0.tgz#ca9f78c16a5860cbbdb4c661b0751480ecc6d8cb"
  integrity sha512-viAi1ZS+aa/jKUDt+5NUSVyCIFK1Z6VAEJCJ8ZQO9mkIaxaiTxyTz9qmqmVcVLm3d2LSlaarFdQ1YrsS7/bQ1g==
  dependencies:
    camelcase-keys "^5.0.0"
    lodash.set "^4.3.2"
    maxmind "^2.11.0"

big-integer@^1.6.31:
  version "1.6.48"
  resolved "https://registry.yarnpkg.com/big-integer/-/big-integer-1.6.48.tgz#8fd88bd1632cba4a1c8c3e3d7159f08bb95b4b9e"
  integrity sha512-j51egjPa7/i+RdiRuJbPdJ2FIUYYPhvYLjzoYbcMMm62ooO6F94fETG4MTs46zPAF9Brs04OajboA/qTGuz78w==

camelcase-keys@^5.0.0:
  version "5.2.0"
  resolved "https://registry.yarnpkg.com/camelcase-keys/-/camelcase-keys-5.2.0.tgz#6a66cff764f83766a6a609707aab105fd10415e3"
  integrity sha512-mSM/OQKD1HS5Ll2AXxeaHSdqCGC/QQ8IrgTbKYA/rxnC36thBKysfIr9+OVBWuW17jyZF4swHkjtglawgBmVFg==
  dependencies:
    camelcase "^5.3.1"
    map-obj "^3.0.0"
    quick-lru "^1.0.0"

camelcase@^5.3.1:
  version "5.3.1"
  resolved "https://registry.yarnpkg.com/camelcase/-/camelcase-5.3.1.tgz#e3c9b31569e106811df242f715725a1f4c494320"
  integrity sha512-L28STB170nwWS63UjtlEOE3dldQApaJXZkOI1uMFfzf3rRuPegHaHesyee+YxQ+W6SvRDQV6UrdOdRiR153wJg==

lodash.set@^4.3.2:
  version "4.3.2"
  resolved "https://registry.yarnpkg.com/lodash.set/-/lodash.set-4.3.2.tgz#d8757b1da807dde24816b0d6a84bea1a76230b23"
  integrity sha1-2HV7HagH3eJIFrDWqEvqGnYjCyM=

map-obj@^3.0.0:
  version "3.1.0"
  resolved "https://registry.yarnpkg.com/map-obj/-/map-obj-3.1.0.tgz#3be9810d926db2f8612c728a2e95e03b7f109241"
  integrity sha512-Xg1iyYz/+iIW6YoMldux47H/e5QZyDSB41Kb0ev+YYHh3FJnyyzY0vTk/WbVeWcCvdXd70cOriUBmhP8alUFBA==

maxmind@^2.11.0:
  version "2.12.0"
  resolved "https://registry.yarnpkg.com/maxmind/-/maxmind-2.12.0.tgz#b7d16b0ee2fff50061ead36b258577cb7d85fec5"
  integrity sha512-gnLdeLg0GFYlrtPt2122RYrRUy8OWxrhYEDCORaUkr6AvKXnLfnNpsFmWUOBYkvZK17XX4NeuMwnjIQM9EcxTw==
  dependencies:
    big-integer "^1.6.31"
    tiny-lru "^6.0.0"

quick-lru@^1.0.0:
  version "1.1.0"
  resolved "https://registry.yarnpkg.com/quick-lru/-/quick-lru-1.1.0.tgz#4360b17c61136ad38078397ff11416e186dcfbb8"
  integrity sha1-Q2CxfGETatOAeDl/8RQW4Ybc+7g=

tiny-lru@^6.0.0:
  version "6.1.0"
  resolved "https://registry.yarnpkg.com/tiny-lru/-/tiny-lru-6.1.0.tgz#f29e66e35324a383f55eb03834f2127b1b2fe6d5"
  integrity sha512-lbz53M11ioFDKxPUBR2UVK7a8JolPZpSkzL0iXW60fpvU98P9+VqWQ7bGGJpGjqnIlILQzl9r+fikhqbcOs7bg==
